
Microsoft Visual Studio Solution File, Format Version 12.00
# Visual Studio Version 17
VisualStudioVersion = 17.1.32210.238
MinimumVisualStudioVersion = 10.0.40219.1
Project("{FAE04EC0-301F-11D3-BF4B-00C04F79EFBC}") = "SignalR_Demo", "SignalR_Demo\SignalR_Demo.csproj", "{B08CE0FB-B0E9-4F72-BDC3-5366EFD7536A}"
EndProject
Global
	GlobalSection(SolutionConfigurationPlatforms) = preSolution
		Debug|Any CPU = Debug|Any CPU
		Release|Any CPU = Release|Any CPU
	EndGlobalSection
	GlobalSection(ProjectConfigurationPlatforms) = postSolution
		{B08CE0FB-B0E9-4F72-BDC3-5366EFD7536A}.Debug|Any CPU.ActiveCfg = Debug|Any CPU
		{B08CE0FB-B0E9-4F72-BDC3-5366EFD7536A}.Debug|Any CPU.Build.0 = Debug|Any CPU
		{B08CE0FB-B0E9-4F72-BDC3-5366EFD7536A}.Release|Any CPU.ActiveCfg = Release|Any CPU
		{B08CE0FB-B0E9-4F72-BDC3-5366EFD7536A}.Release|Any CPU.Build.0 = Release|Any CPU
	EndGlobalSection
	GlobalSection(SolutionProperties) = preSolution
		HideSolutionNode = FALSE
	EndGlobalSection
	GlobalSection(ExtensibilityGlobals) = postSolution
		SolutionGuid = {46D93FE6-F5A2-4D38-9F62-B6A35980F1B9}
	EndGlobalSection
EndGlobal
